
Microsoft Visual Studio Solution File, Format Version 12.00
# Visual Studio Version 16
VisualStudioVersion = 16.0.29728.190
MinimumVisualStudioVersion = 10.0.40219.1
Project("{9A19103F-16F7-4668-BE54-9A1E7A4F7556}") = "SpaceGame", "SpaceGame\SpaceGame\SpaceGame.csproj", "{DED421C7-C2A3-4B4B-B40C-F402898F04AD}"
EndProject
Project("{FAE04EC0-301F-11D3-BF4B-00C04F79EFBC}") = "SpaceGameLibrary", "SpaceGameLibrary\SpaceGameLibrary\SpaceGameLibrary.csproj", "{C1C384EC-D327-45D3-B850-D7F8B3E02D6C}"
EndProject
Global
	GlobalSection(SolutionConfigurationPlatforms) = preSolution
		Debug|Any CPU = Debug|Any CPU
		Release|Any CPU = Release|Any CPU
	EndGlobalSection
	GlobalSection(ProjectConfigurationPlatforms) = postSolution
		{DED421C7-C2A3-4B4B-B40C-F402898F04AD}.Debug|Any CPU.ActiveCfg = Debug|Any CPU
		{DED421C7-C2A3-4B4B-B40C-F402898F04AD}.Debug|Any CPU.Build.0 = Debug|Any CPU
		{DED421C7-C2A3-4B4B-B40C-F402898F04AD}.Release|Any CPU.ActiveCfg = Release|Any CPU
		{DED421C7-C2A3-4B4B-B40C-F402898F04AD}.Release|Any CPU.Build.0 = Release|Any CPU
		{C1C384EC-D327-45D3-B850-D7F8B3E02D6C}.Debug|Any CPU.ActiveCfg = Debug|Any CPU
		{C1C384EC-D327-45D3-B850-D7F8B3E02D6C}.Debug|Any CPU.Build.0 = Debug|Any CPU
		{C1C384EC-D327-45D3-B850-D7F8B3E02D6C}.Release|Any CPU.ActiveCfg = Release|Any CPU
		{C1C384EC-D327-45D3-B850-D7F8B3E02D6C}.Release|Any CPU.Build.0 = Release|Any CPU
	EndGlobalSection
	GlobalSection(SolutionProperties) = preSolution
		HideSolutionNode = FALSE
	EndGlobalSection
	GlobalSection(ExtensibilityGlobals) = postSolution
		SolutionGuid = {14624132-BC14-40D1-9B14-1B30CD3F94B4}
	EndGlobalSection
EndGlobal
