
Microsoft Visual Studio Solution File, Format Version 12.00
# Visual Studio Version 16
VisualStudioVersion = 16.0.29728.190
MinimumVisualStudioVersion = 10.0.40219.1
Project("{FAE04EC0-301F-11D3-BF4B-00C04F79EFBC}") = "SpaceGame", "SpaceGame\SpaceGame.csproj", "{A0C21B66-64DD-45BB-B4ED-DCC26ED03E71}"
EndProject
Global
	GlobalSection(SolutionConfigurationPlatforms) = preSolution
		Debug|Any CPU = Debug|Any CPU
		Release|Any CPU = Release|Any CPU
	EndGlobalSection
	GlobalSection(ProjectConfigurationPlatforms) = postSolution
		{A0C21B66-64DD-45BB-B4ED-DCC26ED03E71}.Debug|Any CPU.ActiveCfg = Debug|Any CPU
		{A0C21B66-64DD-45BB-B4ED-DCC26ED03E71}.Debug|Any CPU.Build.0 = Debug|Any CPU
		{A0C21B66-64DD-45BB-B4ED-DCC26ED03E71}.Release|Any CPU.ActiveCfg = Release|Any CPU
		{A0C21B66-64DD-45BB-B4ED-DCC26ED03E71}.Release|Any CPU.Build.0 = Release|Any CPU
	EndGlobalSection
	GlobalSection(SolutionProperties) = preSolution
		HideSolutionNode = FALSE
	EndGlobalSection
	GlobalSection(ExtensibilityGlobals) = postSolution
		SolutionGuid = {14624132-BC14-40D1-9B14-1B30CD3F94B4}
	EndGlobalSection
EndGlobal
